
Microsoft Visual Studio Solution File, Format Version 12.00
# Visual Studio 15
VisualStudioVersion = 15.0.28307.902
MinimumVisualStudioVersion = 10.0.40219.1
Project("{FAE04EC0-301F-11D3-BF4B-00C04F79EFBC}") = "MVC-RUD-DiplomadoUASDCodeFirst.Web", "MVC_CRUD-DiplomadoUASDCodeFirst.Web\MVC-RUD-DiplomadoUASDCodeFirst.Web.csproj", "{6A990167-1221-49A7-87F3-5F9162D75D1C}"
EndProject
Project("{FAE04EC0-301F-11D3-BF4B-00C04F79EFBC}") = "MVC-CRUD-DiplomadoUASDCodeFirst.Model", "MVC-CRUD-DiplomadoUASDCodeFirst.Model\MVC-CRUD-DiplomadoUASDCodeFirst.Model.csproj", "{30F24F7B-185E-4AA4-9738-0DB3A6B3DB14}"
EndProject
Global
	GlobalSection(SolutionConfigurationPlatforms) = preSolution
		Debug|Any CPU = Debug|Any CPU
		Release|Any CPU = Release|Any CPU
	EndGlobalSection
	GlobalSection(ProjectConfigurationPlatforms) = postSolution
		{6A990167-1221-49A7-87F3-5F9162D75D1C}.Debug|Any CPU.ActiveCfg = Debug|Any CPU
		{6A990167-1221-49A7-87F3-5F9162D75D1C}.Debug|Any CPU.Build.0 = Debug|Any CPU
		{6A990167-1221-49A7-87F3-5F9162D75D1C}.Release|Any CPU.ActiveCfg = Release|Any CPU
		{6A990167-1221-49A7-87F3-5F9162D75D1C}.Release|Any CPU.Build.0 = Release|Any CPU
		{30F24F7B-185E-4AA4-9738-0DB3A6B3DB14}.Debug|Any CPU.ActiveCfg = Debug|Any CPU
		{30F24F7B-185E-4AA4-9738-0DB3A6B3DB14}.Debug|Any CPU.Build.0 = Debug|Any CPU
		{30F24F7B-185E-4AA4-9738-0DB3A6B3DB14}.Release|Any CPU.ActiveCfg = Release|Any CPU
		{30F24F7B-185E-4AA4-9738-0DB3A6B3DB14}.Release|Any CPU.Build.0 = Release|Any CPU
	EndGlobalSection
	GlobalSection(SolutionProperties) = preSolution
		HideSolutionNode = FALSE
	EndGlobalSection
	GlobalSection(ExtensibilityGlobals) = postSolution
		SolutionGuid = {5B802F09-2342-42CE-BF6E-AA74D3ED63DF}
	EndGlobalSection
EndGlobal
